
Microsoft Visual Studio Solution File, Format Version 12.00
# Visual Studio 2012
Project("{FAE04EC0-301F-11D3-BF4B-00C04F79EFBC}") = "NCore", "NCore\NCore.csproj", "{4356C472-CD74-419D-83FE-96D50D196CB0}"
EndProject
Project("{FAE04EC0-301F-11D3-BF4B-00C04F79EFBC}") = "NCore.NHibernate", "NCore.NHibernate\NCore.NHibernate.csproj", "{41710B37-3D17-4163-89D1-BBE8CB531F6D}"
EndProject
Project("{FAE04EC0-301F-11D3-BF4B-00C04F79EFBC}") = "NCore.NHibernate.Postgre", "NCore.NHibernate.Postgre\NCore.NHibernate.Postgre.csproj", "{3A004C49-6A63-402D-9F67-3C11ACD4A3B0}"
EndProject
Project("{FAE04EC0-301F-11D3-BF4B-00C04F79EFBC}") = "NCore.Tests", "NCore.Tests\NCore.Tests.csproj", "{B29908F6-4B5A-4327-B684-C77E82B911A5}"
EndProject
Project("{FAE04EC0-301F-11D3-BF4B-00C04F79EFBC}") = "NCore.EntityFramework", "NCore.EntityFramework\NCore.EntityFramework.csproj", "{D4A99918-E797-4F28-87AB-5D4E01BB7907}"
EndProject
Project("{FAE04EC0-301F-11D3-BF4B-00C04F79EFBC}") = "NCore.Web.Helpers", "NCore.Web.Helpers\NCore.Web.Helpers.csproj", "{34167B2C-5DAB-4ED3-9BDD-DA65C4CBD69E}"
EndProject
Project("{FAE04EC0-301F-11D3-BF4B-00C04F79EFBC}") = "NCore.Web", "NCore.Web\NCore.Web.csproj", "{55D0E2AA-C87F-4B0B-A9BF-5B7E20D9C19B}"
EndProject
Project("{2150E333-8FDC-42A3-9474-1A3956D46DE8}") = "Samples", "Samples", "{AA7A2A80-53F6-41F9-8845-2B860C02016C}"
EndProject
Project("{FAE04EC0-301F-11D3-BF4B-00C04F79EFBC}") = "NCore.Security.NHibernate", "NCore.Security.NHibernate\NCore.Security.NHibernate.csproj", "{E3A568C3-25B9-4DAB-BAEC-6791F4444724}"
EndProject
Project("{FAE04EC0-301F-11D3-BF4B-00C04F79EFBC}") = "NCore.TestApp", "Samples\NCore.TestApp\NCore.TestApp.csproj", "{CF7A49A7-4772-478E-B46C-26FBEFB2F961}"
EndProject
Project("{FAE04EC0-301F-11D3-BF4B-00C04F79EFBC}") = "NCore.Web.MVC", "NCore.Web.MVC\NCore.Web.MVC.csproj", "{19D51298-1F3C-4CB7-B1DC-2799E0553852}"
EndProject
Project("{FAE04EC0-301F-11D3-BF4B-00C04F79EFBC}") = "NCore.Security", "NCore.Security\NCore.Security.csproj", "{9D09A7E6-BCE6-442F-AA5D-9DABB25A4E76}"
EndProject
Project("{2150E333-8FDC-42A3-9474-1A3956D46DE8}") = ".nuget", ".nuget", "{C2CF6334-448F-4669-BD5D-3ECEDD4B4E14}"
	ProjectSection(SolutionItems) = preProject
		.nuget\NuGet.Config = .nuget\NuGet.Config
		.nuget\NuGet.exe = .nuget\NuGet.exe
		.nuget\NuGet.targets = .nuget\NuGet.targets
	EndProjectSection
EndProject
Project("{2150E333-8FDC-42A3-9474-1A3956D46DE8}") = "nuget", "nuget", "{A9F4DE8D-6EFC-4C9A-B38B-1234F3F25FAE}"
	ProjectSection(SolutionItems) = preProject
		nuget\NCore.EntityFramework.nuspec = nuget\NCore.EntityFramework.nuspec
		nuget\NCore.NHibernate.nuspec = nuget\NCore.NHibernate.nuspec
		nuget\NCore.NHibernate.Postgre.nuspec = nuget\NCore.NHibernate.Postgre.nuspec
		nuget\NCore.nuspec = nuget\NCore.nuspec
		nuget\NCore.Security.NHibernate.nuspec = nuget\NCore.Security.NHibernate.nuspec
		nuget\NCore.Security.nuspec = nuget\NCore.Security.nuspec
		nuget\NCore.Web.MVC.nuspec = nuget\NCore.Web.MVC.nuspec
	EndProjectSection
EndProject
Global
	GlobalSection(SolutionConfigurationPlatforms) = preSolution
		Debug|Any CPU = Debug|Any CPU
		Release|Any CPU = Release|Any CPU
	EndGlobalSection
	GlobalSection(ProjectConfigurationPlatforms) = postSolution
		{4356C472-CD74-419D-83FE-96D50D196CB0}.Debug|Any CPU.ActiveCfg = Debug|Any CPU
		{4356C472-CD74-419D-83FE-96D50D196CB0}.Debug|Any CPU.Build.0 = Debug|Any CPU
		{4356C472-CD74-419D-83FE-96D50D196CB0}.Release|Any CPU.ActiveCfg = Release|Any CPU
		{4356C472-CD74-419D-83FE-96D50D196CB0}.Release|Any CPU.Build.0 = Release|Any CPU
		{41710B37-3D17-4163-89D1-BBE8CB531F6D}.Debug|Any CPU.ActiveCfg = Debug|Any CPU
		{41710B37-3D17-4163-89D1-BBE8CB531F6D}.Debug|Any CPU.Build.0 = Debug|Any CPU
		{41710B37-3D17-4163-89D1-BBE8CB531F6D}.Release|Any CPU.ActiveCfg = Release|Any CPU
		{41710B37-3D17-4163-89D1-BBE8CB531F6D}.Release|Any CPU.Build.0 = Release|Any CPU
		{3A004C49-6A63-402D-9F67-3C11ACD4A3B0}.Debug|Any CPU.ActiveCfg = Debug|Any CPU
		{3A004C49-6A63-402D-9F67-3C11ACD4A3B0}.Debug|Any CPU.Build.0 = Debug|Any CPU
		{3A004C49-6A63-402D-9F67-3C11ACD4A3B0}.Release|Any CPU.ActiveCfg = Release|Any CPU
		{3A004C49-6A63-402D-9F67-3C11ACD4A3B0}.Release|Any CPU.Build.0 = Release|Any CPU
		{B29908F6-4B5A-4327-B684-C77E82B911A5}.Debug|Any CPU.ActiveCfg = Debug|Any CPU
		{B29908F6-4B5A-4327-B684-C77E82B911A5}.Debug|Any CPU.Build.0 = Debug|Any CPU
		{B29908F6-4B5A-4327-B684-C77E82B911A5}.Release|Any CPU.ActiveCfg = Release|Any CPU
		{B29908F6-4B5A-4327-B684-C77E82B911A5}.Release|Any CPU.Build.0 = Release|Any CPU
		{D4A99918-E797-4F28-87AB-5D4E01BB7907}.Debug|Any CPU.ActiveCfg = Debug|Any CPU
		{D4A99918-E797-4F28-87AB-5D4E01BB7907}.Debug|Any CPU.Build.0 = Debug|Any CPU
		{D4A99918-E797-4F28-87AB-5D4E01BB7907}.Release|Any CPU.ActiveCfg = Release|Any CPU
		{D4A99918-E797-4F28-87AB-5D4E01BB7907}.Release|Any CPU.Build.0 = Release|Any CPU
		{34167B2C-5DAB-4ED3-9BDD-DA65C4CBD69E}.Debug|Any CPU.ActiveCfg = Debug|Any CPU
		{34167B2C-5DAB-4ED3-9BDD-DA65C4CBD69E}.Debug|Any CPU.Build.0 = Debug|Any CPU
		{34167B2C-5DAB-4ED3-9BDD-DA65C4CBD69E}.Release|Any CPU.ActiveCfg = Release|Any CPU
		{34167B2C-5DAB-4ED3-9BDD-DA65C4CBD69E}.Release|Any CPU.Build.0 = Release|Any CPU
		{55D0E2AA-C87F-4B0B-A9BF-5B7E20D9C19B}.Debug|Any CPU.ActiveCfg = Debug|Any CPU
		{55D0E2AA-C87F-4B0B-A9BF-5B7E20D9C19B}.Debug|Any CPU.Build.0 = Debug|Any CPU
		{55D0E2AA-C87F-4B0B-A9BF-5B7E20D9C19B}.Release|Any CPU.ActiveCfg = Release|Any CPU
		{55D0E2AA-C87F-4B0B-A9BF-5B7E20D9C19B}.Release|Any CPU.Build.0 = Release|Any CPU
		{E3A568C3-25B9-4DAB-BAEC-6791F4444724}.Debug|Any CPU.ActiveCfg = Debug|Any CPU
		{E3A568C3-25B9-4DAB-BAEC-6791F4444724}.Debug|Any CPU.Build.0 = Debug|Any CPU
		{E3A568C3-25B9-4DAB-BAEC-6791F4444724}.Release|Any CPU.ActiveCfg = Release|Any CPU
		{E3A568C3-25B9-4DAB-BAEC-6791F4444724}.Release|Any CPU.Build.0 = Release|Any CPU
		{CF7A49A7-4772-478E-B46C-26FBEFB2F961}.Debug|Any CPU.ActiveCfg = Debug|Any CPU
		{CF7A49A7-4772-478E-B46C-26FBEFB2F961}.Debug|Any CPU.Build.0 = Debug|Any CPU
		{CF7A49A7-4772-478E-B46C-26FBEFB2F961}.Release|Any CPU.ActiveCfg = Release|Any CPU
		{CF7A49A7-4772-478E-B46C-26FBEFB2F961}.Release|Any CPU.Build.0 = Release|Any CPU
		{19D51298-1F3C-4CB7-B1DC-2799E0553852}.Debug|Any CPU.ActiveCfg = Debug|Any CPU
		{19D51298-1F3C-4CB7-B1DC-2799E0553852}.Debug|Any CPU.Build.0 = Debug|Any CPU
		{19D51298-1F3C-4CB7-B1DC-2799E0553852}.Release|Any CPU.ActiveCfg = Release|Any CPU
		{19D51298-1F3C-4CB7-B1DC-2799E0553852}.Release|Any CPU.Build.0 = Release|Any CPU
		{9D09A7E6-BCE6-442F-AA5D-9DABB25A4E76}.Debug|Any CPU.ActiveCfg = Debug|Any CPU
		{9D09A7E6-BCE6-442F-AA5D-9DABB25A4E76}.Debug|Any CPU.Build.0 = Debug|Any CPU
		{9D09A7E6-BCE6-442F-AA5D-9DABB25A4E76}.Release|Any CPU.ActiveCfg = Release|Any CPU
		{9D09A7E6-BCE6-442F-AA5D-9DABB25A4E76}.Release|Any CPU.Build.0 = Release|Any CPU
	EndGlobalSection
	GlobalSection(SolutionProperties) = preSolution
		HideSolutionNode = FALSE
	EndGlobalSection
	GlobalSection(NestedProjects) = preSolution
		{CF7A49A7-4772-478E-B46C-26FBEFB2F961} = {AA7A2A80-53F6-41F9-8845-2B860C02016C}
	EndGlobalSection
EndGlobal
